{
    "_meta": {
        "hash": {
            "sha256": "8d42bd545508ea5359e34cef1862655934c1208f5dcfa2d64961f0076f38537d"
        },
        "pipfile-spec": 6,
        "requires": {
            "python_version": "3.6"
        },
        "sources": [
            {
                "name": "pypi",
                "url": "https://pypi.org/simple",
                "verify_ssl": true
            }
        ]
    },
    "default": {
        "wget": {
            "hashes": [
                "sha256:35e630eca2aa50ce998b9b1a127bb26b30dfee573702782aa982f875e3f16061",
                "sha256:f7301960a87948969c4ce8b375af30d5bd21eeb1eeeb72b8d1aee162cc8bf009"
            ],
            "index": "pypi",
            "version": "==3.2"
        }
    },
    "develop": {}
}
